// !$*UTF8*$!
{
	archiveVersion = 1;
	classes = {
	};
	objectVersion = 56;
	objects = {

/* Begin PBXBuildFile section */
		5A9B0C442B7E1202005C4464 /* HappyBirthdayNanitApp.swift in Sources */ = {isa = PBXBuildFile; fileRef = 5A9B0C432B7E1202005C4464 /* HappyBirthdayNanitApp.swift */; };
		5A9B0C462B7E1202005C4464 /* ContentView.swift in Sources */ = {isa = PBXBuildFile; fileRef = 5A9B0C452B7E1202005C4464 /* ContentView.swift */; };
		5A9B0C482B7E1205005C4464 /* Assets.xcassets in Resources */ = {isa = PBXBuildFile; fileRef = 5A9B0C472B7E1205005C4464 /* Assets.xcassets */; };
		5A9B0C4C2B7E1205005C4464 /* Preview Assets.xcassets in Resources */ = {isa = PBXBuildFile; fileRef = 5A9B0C4B2B7E1205005C4464 /* Preview Assets.xcassets */; };
		5A9B0C562B7E1205005C4464 /* HappyBirthdayNanitTests.swift in Sources */ = {isa = PBXBuildFile; fileRef = 5A9B0C552B7E1205005C4464 /* HappyBirthdayNanitTests.swift */; };
		5A9B0C602B7E1205005C4464 /* HappyBirthdayNanitUITests.swift in Sources */ = {isa = PBXBuildFile; fileRef = 5A9B0C5F2B7E1205005C4464 /* HappyBirthdayNanitUITests.swift */; };
		5A9B0C622B7E1205005C4464 /* HappyBirthdayNanitUITestsLaunchTests.swift in Sources */ = {isa = PBXBuildFile; fileRef = 5A9B0C612B7E1205005C4464 /* HappyBirthdayNanitUITestsLaunchTests.swift */; };
		5A9B0C702B7E12DE005C4464 /* MainScreenItem.swift in Sources */ = {isa = PBXBuildFile; fileRef = 5A9B0C6F2B7E12DE005C4464 /* MainScreenItem.swift */; };
		5A9B0C732B7E1410005C4464 /* MainScreenItemCell.swift in Sources */ = {isa = PBXBuildFile; fileRef = 5A9B0C722B7E1410005C4464 /* MainScreenItemCell.swift */; };
		5A9B0CDE2B7E445D005C4464 /* MainListScreen.swift in Sources */ = {isa = PBXBuildFile; fileRef = 5A9B0CDD2B7E445D005C4464 /* MainListScreen.swift */; };
		5A9B0CE02B7E4AC4005C4464 /* CircleImage.swift in Sources */ = {isa = PBXBuildFile; fileRef = 5A9B0CDF2B7E4AC4005C4464 /* CircleImage.swift */; };
		5A9B0CE22B7E5FC2005C4464 /* BirthdayScreen.swift in Sources */ = {isa = PBXBuildFile; fileRef = 5A9B0CE12B7E5FC2005C4464 /* BirthdayScreen.swift */; };
/* End PBXBuildFile section */

/* Begin PBXContainerItemProxy section */
		5A9B0C522B7E1205005C4464 /* PBXContainerItemProxy */ = {
			isa = PBXContainerItemProxy;
			containerPortal = 5A9B0C382B7E1202005C4464 /* Project object */;
			proxyType = 1;
			remoteGlobalIDString = 5A9B0C3F2B7E1202005C4464;
			remoteInfo = HappyBirthdayNanit;
		};
		5A9B0C5C2B7E1205005C4464 /* PBXContainerItemProxy */ = {
			isa = PBXContainerItemProxy;
			containerPortal = 5A9B0C382B7E1202005C4464 /* Project object */;
			proxyType = 1;
			remoteGlobalIDString = 5A9B0C3F2B7E1202005C4464;
			remoteInfo = HappyBirthdayNanit;
		};
/* End PBXContainerItemProxy section */

/* Begin PBXFileReference section */
		5A9B0C402B7E1202005C4464 /* HappyBirthdayNanit.app */ = {isa = PBXFileReference; explicitFileType = wrapper.application; includeInIndex = 0; path = HappyBirthdayNanit.app; sourceTree = BUILT_PRODUCTS_DIR; };
		5A9B0C432B7E1202005C4464 /* HappyBirthdayNanitApp.swift */ = {isa = PBXFileReference; lastKnownFileType = sourcecode.swift; path = HappyBirthdayNanitApp.swift; sourceTree = "<group>"; };
		5A9B0C452B7E1202005C4464 /* ContentView.swift */ = {isa = PBXFileReference; lastKnownFileType = sourcecode.swift; path = ContentView.swift; sourceTree = "<group>"; };
		5A9B0C472B7E1205005C4464 /* Assets.xcassets */ = {isa = PBXFileReference; lastKnownFileType = folder.assetcatalog; path = Assets.xcassets; sourceTree = "<group>"; };
		5A9B0C492B7E1205005C4464 /* HappyBirthdayNanit.entitlements */ = {isa = PBXFileReference; lastKnownFileType = text.plist.entitlements; path = HappyBirthdayNanit.entitlements; sourceTree = "<group>"; };
		5A9B0C4B2B7E1205005C4464 /* Preview Assets.xcassets */ = {isa = PBXFileReference; lastKnownFileType = folder.assetcatalog; path = "Preview Assets.xcassets"; sourceTree = "<group>"; };
		5A9B0C512B7E1205005C4464 /* HappyBirthdayNanitTests.xctest */ = {isa = PBXFileReference; explicitFileType = wrapper.cfbundle; includeInIndex = 0; path = HappyBirthdayNanitTests.xctest; sourceTree = BUILT_PRODUCTS_DIR; };
		5A9B0C552B7E1205005C4464 /* HappyBirthdayNanitTests.swift */ = {isa = PBXFileReference; lastKnownFileType = sourcecode.swift; path = HappyBirthdayNanitTests.swift; sourceTree = "<group>"; };
		5A9B0C5B2B7E1205005C4464 /* HappyBirthdayNanitUITests.xctest */ = {isa = PBXFileReference; explicitFileType = wrapper.cfbundle; includeInIndex = 0; path = HappyBirthdayNanitUITests.xctest; sourceTree = BUILT_PRODUCTS_DIR; };
		5A9B0C5F2B7E1205005C4464 /* HappyBirthdayNanitUITests.swift */ = {isa = PBXFileReference; lastKnownFileType = sourcecode.swift; path = HappyBirthdayNanitUITests.swift; sourceTree = "<group>"; };
		5A9B0C612B7E1205005C4464 /* HappyBirthdayNanitUITestsLaunchTests.swift */ = {isa = PBXFileReference; lastKnownFileType = sourcecode.swift; path = HappyBirthdayNanitUITestsLaunchTests.swift; sourceTree = "<group>"; };
		5A9B0C6F2B7E12DE005C4464 /* MainScreenItem.swift */ = {isa = PBXFileReference; lastKnownFileType = sourcecode.swift; path = MainScreenItem.swift; sourceTree = "<group>"; };
		5A9B0C722B7E1410005C4464 /* MainScreenItemCell.swift */ = {isa = PBXFileReference; lastKnownFileType = sourcecode.swift; path = MainScreenItemCell.swift; sourceTree = "<group>"; };
		5A9B0CDD2B7E445D005C4464 /* MainListScreen.swift */ = {isa = PBXFileReference; lastKnownFileType = sourcecode.swift; path = MainListScreen.swift; sourceTree = "<group>"; };
		5A9B0CDF2B7E4AC4005C4464 /* CircleImage.swift */ = {isa = PBXFileReference; lastKnownFileType = sourcecode.swift; path = CircleImage.swift; sourceTree = "<group>"; };
		5A9B0CE12B7E5FC2005C4464 /* BirthdayScreen.swift */ = {isa = PBXFileReference; lastKnownFileType = sourcecode.swift; path = BirthdayScreen.swift; sourceTree = "<group>"; };
/* End PBXFileReference section */

/* Begin PBXFrameworksBuildPhase section */
		5A9B0C3D2B7E1202005C4464 /* Frameworks */ = {
			isa = PBXFrameworksBuildPhase;
			buildActionMask = 2147483647;
			files = (
			);
			runOnlyForDeploymentPostprocessing = 0;
		};
		5A9B0C4E2B7E1205005C4464 /* Frameworks */ = {
			isa = PBXFrameworksBuildPhase;
			buildActionMask = 2147483647;
			files = (
			);
			runOnlyForDeploymentPostprocessing = 0;
		};
		5A9B0C582B7E1205005C4464 /* Frameworks */ = {
			isa = PBXFrameworksBuildPhase;
			buildActionMask = 2147483647;
			files = (
			);
			runOnlyForDeploymentPostprocessing = 0;
		};
/* End PBXFrameworksBuildPhase section */

/* Begin PBXGroup section */
		5A9B0C372B7E1202005C4464 = {
			isa = PBXGroup;
			children = (
				5A9B0C422B7E1202005C4464 /* HappyBirthdayNanit */,
				5A9B0C542B7E1205005C4464 /* HappyBirthdayNanitTests */,
				5A9B0C5E2B7E1205005C4464 /* HappyBirthdayNanitUITests */,
				5A9B0C412B7E1202005C4464 /* Products */,
			);
			sourceTree = "<group>";
		};
		5A9B0C412B7E1202005C4464 /* Products */ = {
			isa = PBXGroup;
			children = (
				5A9B0C402B7E1202005C4464 /* HappyBirthdayNanit.app */,
				5A9B0C512B7E1205005C4464 /* HappyBirthdayNanitTests.xctest */,
				5A9B0C5B2B7E1205005C4464 /* HappyBirthdayNanitUITests.xctest */,
			);
			name = Products;
			sourceTree = "<group>";
		};
		5A9B0C422B7E1202005C4464 /* HappyBirthdayNanit */ = {
			isa = PBXGroup;
			children = (
				5A9B0C712B7E13EC005C4464 /* Views */,
				5A9B0C6E2B7E12C3005C4464 /* Models */,
				5A9B0C432B7E1202005C4464 /* HappyBirthdayNanitApp.swift */,
				5A9B0C452B7E1202005C4464 /* ContentView.swift */,
				5A9B0C472B7E1205005C4464 /* Assets.xcassets */,
				5A9B0C492B7E1205005C4464 /* HappyBirthdayNanit.entitlements */,
				5A9B0C4A2B7E1205005C4464 /* Preview Content */,
			);
			path = HappyBirthdayNanit;
			sourceTree = "<group>";
		};
		5A9B0C4A2B7E1205005C4464 /* Preview Content */ = {
			isa = PBXGroup;
			children = (
				5A9B0C4B2B7E1205005C4464 /* Preview Assets.xcassets */,
			);
			path = "Preview Content";
			sourceTree = "<group>";
		};
		5A9B0C542B7E1205005C4464 /* HappyBirthdayNanitTests */ = {
			isa = PBXGroup;
			children = (
				5A9B0C552B7E1205005C4464 /* HappyBirthdayNanitTests.swift */,
			);
			path = HappyBirthdayNanitTests;
			sourceTree = "<group>";
		};
		5A9B0C5E2B7E1205005C4464 /* HappyBirthdayNanitUITests */ = {
			isa = PBXGroup;
			children = (
				5A9B0C5F2B7E1205005C4464 /* HappyBirthdayNanitUITests.swift */,
				5A9B0C612B7E1205005C4464 /* HappyBirthdayNanitUITestsLaunchTests.swift */,
			);
			path = HappyBirthdayNanitUITests;
			sourceTree = "<group>";
		};
		5A9B0C6E2B7E12C3005C4464 /* Models */ = {
			isa = PBXGroup;
			children = (
				5A9B0C6F2B7E12DE005C4464 /* MainScreenItem.swift */,
			);
			path = Models;
			sourceTree = "<group>";
		};
		5A9B0C712B7E13EC005C4464 /* Views */ = {
			isa = PBXGroup;
			children = (
				5A9B0C722B7E1410005C4464 /* MainScreenItemCell.swift */,
				5A9B0CE12B7E5FC2005C4464 /* BirthdayScreen.swift */,
				5A9B0CDD2B7E445D005C4464 /* MainListScreen.swift */,
				5A9B0CDF2B7E4AC4005C4464 /* CircleImage.swift */,
			);
			path = Views;
			sourceTree = "<group>";
		};
/* End PBXGroup section */

/* Begin PBXNativeTarget section */
		5A9B0C3F2B7E1202005C4464 /* HappyBirthdayNanit */ = {
			isa = PBXNativeTarget;
			buildConfigurationList = 5A9B0C652B7E1205005C4464 /* Build configuration list for PBXNativeTarget "HappyBirthdayNanit" */;
			buildPhases = (
				5A9B0C3C2B7E1202005C4464 /* Sources */,
				5A9B0C3D2B7E1202005C4464 /* Frameworks */,
				5A9B0C3E2B7E1202005C4464 /* Resources */,
			);
			buildRules = (
			);
			dependencies = (
			);
			name = HappyBirthdayNanit;
			productName = HappyBirthdayNanit;
			productReference = 5A9B0C402B7E1202005C4464 /* HappyBirthdayNanit.app */;
			productType = "com.apple.product-type.application";
		};
		5A9B0C502B7E1205005C4464 /* HappyBirthdayNanitTests */ = {
			isa = PBXNativeTarget;
			buildConfigurationList = 5A9B0C682B7E1205005C4464 /* Build configuration list for PBXNativeTarget "HappyBirthdayNanitTests" */;
			buildPhases = (
				5A9B0C4D2B7E1205005C4464 /* Sources */,
				5A9B0C4E2B7E1205005C4464 /* Frameworks */,
				5A9B0C4F2B7E1205005C4464 /* Resources */,
			);
			buildRules = (
			);
			dependencies = (
				5A9B0C532B7E1205005C4464 /* PBXTargetDependency */,
			);
			name = HappyBirthdayNanitTests;
			productName = HappyBirthdayNanitTests;
			productReference = 5A9B0C512B7E1205005C4464 /* HappyBirthdayNanitTests.xctest */;
			productType = "com.apple.product-type.bundle.unit-test";
		};
		5A9B0C5A2B7E1205005C4464 /* HappyBirthdayNanitUITests */ = {
			isa = PBXNativeTarget;
			buildConfigurationList = 5A9B0C6B2B7E1205005C4464 /* Build configuration list for PBXNativeTarget "HappyBirthdayNanitUITests" */;
			buildPhases = (
				5A9B0C572B7E1205005C4464 /* Sources */,
				5A9B0C582B7E1205005C4464 /* Frameworks */,
				5A9B0C592B7E1205005C4464 /* Resources */,
			);
			buildRules = (
			);
			dependencies = (
				5A9B0C5D2B7E1205005C4464 /* PBXTargetDependency */,
			);
			name = HappyBirthdayNanitUITests;
			productName = HappyBirthdayNanitUITests;
			productReference = 5A9B0C5B2B7E1205005C4464 /* HappyBirthdayNanitUITests.xctest */;
			productType = "com.apple.product-type.bundle.ui-testing";
		};
/* End PBXNativeTarget section */

/* Begin PBXProject section */
		5A9B0C382B7E1202005C4464 /* Project object */ = {
			isa = PBXProject;
			attributes = {
				BuildIndependentTargetsInParallel = 1;
				LastSwiftUpdateCheck = 1510;
				LastUpgradeCheck = 1510;
				TargetAttributes = {
					5A9B0C3F2B7E1202005C4464 = {
						CreatedOnToolsVersion = 15.1;
					};
					5A9B0C502B7E1205005C4464 = {
						CreatedOnToolsVersion = 15.1;
						TestTargetID = 5A9B0C3F2B7E1202005C4464;
					};
					5A9B0C5A2B7E1205005C4464 = {
						CreatedOnToolsVersion = 15.1;
						TestTargetID = 5A9B0C3F2B7E1202005C4464;
					};
				};
			};
			buildConfigurationList = 5A9B0C3B2B7E1202005C4464 /* Build configuration list for PBXProject "HappyBirthdayNanit" */;
			compatibilityVersion = "Xcode 14.0";
			developmentRegion = en;
			hasScannedForEncodings = 0;
			knownRegions = (
				en,
				Base,
			);
			mainGroup = 5A9B0C372B7E1202005C4464;
			productRefGroup = 5A9B0C412B7E1202005C4464 /* Products */;
			projectDirPath = "";
			projectRoot = "";
			targets = (
				5A9B0C3F2B7E1202005C4464 /* HappyBirthdayNanit */,
				5A9B0C502B7E1205005C4464 /* HappyBirthdayNanitTests */,
				5A9B0C5A2B7E1205005C4464 /* HappyBirthdayNanitUITests */,
			);
		};
/* End PBXProject section */

/* Begin PBXResourcesBuildPhase section */
		5A9B0C3E2B7E1202005C4464 /* Resources */ = {
			isa = PBXResourcesBuildPhase;
			buildActionMask = 2147483647;
			files = (
				5A9B0C4C2B7E1205005C4464 /* Preview Assets.xcassets in Resources */,
				5A9B0C482B7E1205005C4464 /* Assets.xcassets in Resources */,
			);
			runOnlyForDeploymentPostprocessing = 0;
		};
		5A9B0C4F2B7E1205005C4464 /* Resources */ = {
			isa = PBXResourcesBuildPhase;
			buildActionMask = 2147483647;
			files = (
			);
			runOnlyForDeploymentPostprocessing = 0;
		};
		5A9B0C592B7E1205005C4464 /* Resources */ = {
			isa = PBXResourcesBuildPhase;
			buildActionMask = 2147483647;
			files = (
			);
			runOnlyForDeploymentPostprocessing = 0;
		};
/* End PBXResourcesBuildPhase section */

/* Begin PBXSourcesBuildPhase section */
		5A9B0C3C2B7E1202005C4464 /* Sources */ = {
			isa = PBXSourcesBuildPhase;
			buildActionMask = 2147483647;
			files = (
				5A9B0C702B7E12DE005C4464 /* MainScreenItem.swift in Sources */,
				5A9B0C462B7E1202005C4464 /* ContentView.swift in Sources */,
				5A9B0C442B7E1202005C4464 /* HappyBirthdayNanitApp.swift in Sources */,
				5A9B0C732B7E1410005C4464 /* MainScreenItemCell.swift in Sources */,
				5A9B0CDE2B7E445D005C4464 /* MainListScreen.swift in Sources */,
				5A9B0CE22B7E5FC2005C4464 /* BirthdayScreen.swift in Sources */,
				5A9B0CE02B7E4AC4005C4464 /* CircleImage.swift in Sources */,
			);
			runOnlyForDeploymentPostprocessing = 0;
		};
		5A9B0C4D2B7E1205005C4464 /* Sources */ = {
			isa = PBXSourcesBuildPhase;
			buildActionMask = 2147483647;
			files = (
				5A9B0C562B7E1205005C4464 /* HappyBirthdayNanitTests.swift in Sources */,
			);
			runOnlyForDeploymentPostprocessing = 0;
		};
		5A9B0C572B7E1205005C4464 /* Sources */ = {
			isa = PBXSourcesBuildPhase;
			buildActionMask = 2147483647;
			files = (
				5A9B0C602B7E1205005C4464 /* HappyBirthdayNanitUITests.swift in Sources */,
				5A9B0C622B7E1205005C4464 /* HappyBirthdayNanitUITestsLaunchTests.swift in Sources */,
			);
			runOnlyForDeploymentPostprocessing = 0;
		};
/* End PBXSourcesBuildPhase section */

/* Begin PBXTargetDependency section */
		5A9B0C532B7E1205005C4464 /* PBXTargetDependency */ = {
			isa = PBXTargetDependency;
			target = 5A9B0C3F2B7E1202005C4464 /* HappyBirthdayNanit */;
			targetProxy = 5A9B0C522B7E1205005C4464 /* PBXContainerItemProxy */;
		};
		5A9B0C5D2B7E1205005C4464 /* PBXTargetDependency */ = {
			isa = PBXTargetDependency;
			target = 5A9B0C3F2B7E1202005C4464 /* HappyBirthdayNanit */;
			targetProxy = 5A9B0C5C2B7E1205005C4464 /* PBXContainerItemProxy */;
		};
/* End PBXTargetDependency section */

/* Begin XCBuildConfiguration section */
		5A9B0C632B7E1205005C4464 /* Debug */ = {
			isa = XCBuildConfiguration;
			buildSettings = {
				ALWAYS_SEARCH_USER_PATHS = NO;
				ASSETCATALOG_COMPILER_GENERATE_SWIFT_ASSET_SYMBOL_EXTENSIONS = YES;
				CLANG_ANALYZER_NONNULL = YES;
				CLANG_ANALYZER_NUMBER_OBJECT_CONVERSION = YES_AGGRESSIVE;
				CLANG_CXX_LANGUAGE_STANDARD = "gnu++20";
				CLANG_ENABLE_MODULES = YES;
				CLANG_ENABLE_OBJC_ARC = YES;
				CLANG_ENABLE_OBJC_WEAK = YES;
				CLANG_WARN_BLOCK_CAPTURE_AUTORELEASING = YES;
				CLANG_WARN_BOOL_CONVERSION = YES;
				CLANG_WARN_COMMA = YES;
				CLANG_WARN_CONSTANT_CONVERSION = YES;
				CLANG_WARN_DEPRECATED_OBJC_IMPLEMENTATIONS = YES;
				CLANG_WARN_DIRECT_OBJC_ISA_USAGE = YES_ERROR;
				CLANG_WARN_DOCUMENTATION_COMMENTS = YES;
				CLANG_WARN_EMPTY_BODY = YES;
				CLANG_WARN_ENUM_CONVERSION = YES;
				CLANG_WARN_INFINITE_RECURSION = YES;
				CLANG_WARN_INT_CONVERSION = YES;
				CLANG_WARN_NON_LITERAL_NULL_CONVERSION = YES;
				CLANG_WARN_OBJC_IMPLICIT_RETAIN_SELF = YES;
				CLANG_WARN_OBJC_LITERAL_CONVERSION = YES;
				CLANG_WARN_OBJC_ROOT_CLASS = YES_ERROR;
				CLANG_WARN_QUOTED_INCLUDE_IN_FRAMEWORK_HEADER = YES;
				CLANG_WARN_RANGE_LOOP_ANALYSIS = YES;
				CLANG_WARN_STRICT_PROTOTYPES = YES;
				CLANG_WARN_SUSPICIOUS_MOVE = YES;
				CLANG_WARN_UNGUARDED_AVAILABILITY = YES_AGGRESSIVE;
				CLANG_WARN_UNREACHABLE_CODE = YES;
				CLANG_WARN__DUPLICATE_METHOD_MATCH = YES;
				COPY_PHASE_STRIP = NO;
				DEBUG_INFORMATION_FORMAT = dwarf;
				ENABLE_STRICT_OBJC_MSGSEND = YES;
				ENABLE_TESTABILITY = YES;
				ENABLE_USER_SCRIPT_SANDBOXING = YES;
				GCC_C_LANGUAGE_STANDARD = gnu17;
				GCC_DYNAMIC_NO_PIC = NO;
				GCC_NO_COMMON_BLOCKS = YES;
				GCC_OPTIMIZATION_LEVEL = 0;
				GCC_PREPROCESSOR_DEFINITIONS = (
					"DEBUG=1",
					"$(inherited)",
				);
				GCC_WARN_64_TO_32_BIT_CONVERSION = YES;
				GCC_WARN_ABOUT_RETURN_TYPE = YES_ERROR;
				GCC_WARN_UNDECLARED_SELECTOR = YES;
				GCC_WARN_UNINITIALIZED_AUTOS = YES_AGGRESSIVE;
				GCC_WARN_UNUSED_FUNCTION = YES;
				GCC_WARN_UNUSED_VARIABLE = YES;
				LOCALIZATION_PREFERS_STRING_CATALOGS = YES;
				MTL_ENABLE_DEBUG_INFO = INCLUDE_SOURCE;
				MTL_FAST_MATH = YES;
				ONLY_ACTIVE_ARCH = YES;
				SWIFT_ACTIVE_COMPILATION_CONDITIONS = "DEBUG $(inherited)";
				SWIFT_OPTIMIZATION_LEVEL = "-Onone";
			};
			name = Debug;
		};
		5A9B0C642B7E1205005C4464 /* Release */ = {
			isa = XCBuildConfiguration;
			buildSettings = {
				ALWAYS_SEARCH_USER_PATHS = NO;
				ASSETCATALOG_COMPILER_GENERATE_SWIFT_ASSET_SYMBOL_EXTENSIONS = YES;
				CLANG_ANALYZER_NONNULL = YES;
				CLANG_ANALYZER_NUMBER_OBJECT_CONVERSION = YES_AGGRESSIVE;
				CLANG_CXX_LANGUAGE_STANDARD = "gnu++20";
				CLANG_ENABLE_MODULES = YES;
				CLANG_ENABLE_OBJC_ARC = YES;
				CLANG_ENABLE_OBJC_WEAK = YES;
				CLANG_WARN_BLOCK_CAPTURE_AUTORELEASING = YES;
				CLANG_WARN_BOOL_CONVERSION = YES;
				CLANG_WARN_COMMA = YES;
				CLANG_WARN_CONSTANT_CONVERSION = YES;
				CLANG_WARN_DEPRECATED_OBJC_IMPLEMENTATIONS = YES;
				CLANG_WARN_DIRECT_OBJC_ISA_USAGE = YES_ERROR;
				CLANG_WARN_DOCUMENTATION_COMMENTS = YES;
				CLANG_WARN_EMPTY_BODY = YES;
				CLANG_WARN_ENUM_CONVERSION = YES;
				CLANG_WARN_INFINITE_RECURSION = YES;
				CLANG_WARN_INT_CONVERSION = YES;
				CLANG_WARN_NON_LITERAL_NULL_CONVERSION = YES;
				CLANG_WARN_OBJC_IMPLICIT_RETAIN_SELF = YES;
				CLANG_WARN_OBJC_LITERAL_CONVERSION = YES;
				CLANG_WARN_OBJC_ROOT_CLASS = YES_ERROR;
				CLANG_WARN_QUOTED_INCLUDE_IN_FRAMEWORK_HEADER = YES;
				CLANG_WARN_RANGE_LOOP_ANALYSIS = YES;
				CLANG_WARN_STRICT_PROTOTYPES = YES;
				CLANG_WARN_SUSPICIOUS_MOVE = YES;
				CLANG_WARN_UNGUARDED_AVAILABILITY = YES_AGGRESSIVE;
				CLANG_WARN_UNREACHABLE_CODE = YES;
				CLANG_WARN__DUPLICATE_METHOD_MATCH = YES;
				COPY_PHASE_STRIP = NO;
				DEBUG_INFORMATION_FORMAT = "dwarf-with-dsym";
				ENABLE_NS_ASSERTIONS = NO;
				ENABLE_STRICT_OBJC_MSGSEND = YES;
				ENABLE_USER_SCRIPT_SANDBOXING = YES;
				GCC_C_LANGUAGE_STANDARD = gnu17;
				GCC_NO_COMMON_BLOCKS = YES;
				GCC_WARN_64_TO_32_BIT_CONVERSION = YES;
				GCC_WARN_ABOUT_RETURN_TYPE = YES_ERROR;
				GCC_WARN_UNDECLARED_SELECTOR = YES;
				GCC_WARN_UNINITIALIZED_AUTOS = YES_AGGRESSIVE;
				GCC_WARN_UNUSED_FUNCTION = YES;
				GCC_WARN_UNUSED_VARIABLE = YES;
				LOCALIZATION_PREFERS_STRING_CATALOGS = YES;
				MTL_ENABLE_DEBUG_INFO = NO;
				MTL_FAST_MATH = YES;
				SWIFT_COMPILATION_MODE = wholemodule;
			};
			name = Release;
		};
		5A9B0C662B7E1205005C4464 /* Debug */ = {
			isa = XCBuildConfiguration;
			buildSettings = {
				ASSETCATALOG_COMPILER_APPICON_NAME = AppIcon;
				ASSETCATALOG_COMPILER_GLOBAL_ACCENT_COLOR_NAME = AccentColor;
				CODE_SIGN_ENTITLEMENTS = HappyBirthdayNanit/HappyBirthdayNanit.entitlements;
				CODE_SIGN_STYLE = Automatic;
				CURRENT_PROJECT_VERSION = 1;
				DEVELOPMENT_ASSET_PATHS = "\"HappyBirthdayNanit/Preview Content\"";
				ENABLE_PREVIEWS = YES;
				GENERATE_INFOPLIST_FILE = YES;
				"INFOPLIST_KEY_UIApplicationSceneManifest_Generation[sdk=iphoneos*]" = YES;
				"INFOPLIST_KEY_UIApplicationSceneManifest_Generation[sdk=iphonesimulator*]" = YES;
				"INFOPLIST_KEY_UIApplicationSupportsIndirectInputEvents[sdk=iphoneos*]" = YES;
				"INFOPLIST_KEY_UIApplicationSupportsIndirectInputEvents[sdk=iphonesimulator*]" = YES;
				"INFOPLIST_KEY_UILaunchScreen_Generation[sdk=iphoneos*]" = YES;
				"INFOPLIST_KEY_UILaunchScreen_Generation[sdk=iphonesimulator*]" = YES;
				"INFOPLIST_KEY_UIStatusBarStyle[sdk=iphoneos*]" = UIStatusBarStyleDefault;
				"INFOPLIST_KEY_UIStatusBarStyle[sdk=iphonesimulator*]" = UIStatusBarStyleDefault;
				INFOPLIST_KEY_UISupportedInterfaceOrientations_iPad = "UIInterfaceOrientationPortrait UIInterfaceOrientationPortraitUpsideDown UIInterfaceOrientationLandscapeLeft UIInterfaceOrientationLandscapeRight";
				INFOPLIST_KEY_UISupportedInterfaceOrientations_iPhone = "UIInterfaceOrientationPortrait UIInterfaceOrientationLandscapeLeft UIInterfaceOrientationLandscapeRight";
				IPHONEOS_DEPLOYMENT_TARGET = 17.2;
				LD_RUNPATH_SEARCH_PATHS = "@executable_path/Frameworks";
				"LD_RUNPATH_SEARCH_PATHS[sdk=macosx*]" = "@executable_path/../Frameworks";
				MACOSX_DEPLOYMENT_TARGET = 14.2;
				MARKETING_VERSION = 1.0;
				PRODUCT_BUNDLE_IDENTIFIER = com.shauli.HappyBirthdayNanit;
				PRODUCT_NAME = "$(TARGET_NAME)";
				SDKROOT = auto;
				SUPPORTED_PLATFORMS = "iphoneos iphonesimulator macosx";
				SWIFT_EMIT_LOC_STRINGS = YES;
				SWIFT_VERSION = 5.0;
				TARGETED_DEVICE_FAMILY = "1,2";
			};
			name = Debug;
		};
		5A9B0C672B7E1205005C4464 /* Release */ = {
			isa = XCBuildConfiguration;
			buildSettings = {
				ASSETCATALOG_COMPILER_APPICON_NAME = AppIcon;
				ASSETCATALOG_COMPILER_GLOBAL_ACCENT_COLOR_NAME = AccentColor;
				CODE_SIGN_ENTITLEMENTS = HappyBirthdayNanit/HappyBirthdayNanit.entitlements;
				CODE_SIGN_STYLE = Automatic;
				CURRENT_PROJECT_VERSION = 1;
				DEVELOPMENT_ASSET_PATHS = "\"HappyBirthdayNanit/Preview Content\"";
				ENABLE_PREVIEWS = YES;
				GENERATE_INFOPLIST_FILE = YES;
				"INFOPLIST_KEY_UIApplicationSceneManifest_Generation[sdk=iphoneos*]" = YES;
				"INFOPLIST_KEY_UIApplicationSceneManifest_Generation[sdk=iphonesimulator*]" = YES;
				"INFOPLIST_KEY_UIApplicationSupportsIndirectInputEvents[sdk=iphoneos*]" = YES;
				"INFOPLIST_KEY_UIApplicationSupportsIndirectInputEvents[sdk=iphonesimulator*]" = YES;
				"INFOPLIST_KEY_UILaunchScreen_Generation[sdk=iphoneos*]" = YES;
				"INFOPLIST_KEY_UILaunchScreen_Generation[sdk=iphonesimulator*]" = YES;
				"INFOPLIST_KEY_UIStatusBarStyle[sdk=iphoneos*]" = UIStatusBarStyleDefault;
				"INFOPLIST_KEY_UIStatusBarStyle[sdk=iphonesimulator*]" = UIStatusBarStyleDefault;
				INFOPLIST_KEY_UISupportedInterfaceOrientations_iPad = "UIInterfaceOrientationPortrait UIInterfaceOrientationPortraitUpsideDown UIInterfaceOrientationLandscapeLeft UIInterfaceOrientationLandscapeRight";
				INFOPLIST_KEY_UISupportedInterfaceOrientations_iPhone = "UIInterfaceOrientationPortrait UIInterfaceOrientationLandscapeLeft UIInterfaceOrientationLandscapeRight";
				IPHONEOS_DEPLOYMENT_TARGET = 17.2;
				LD_RUNPATH_SEARCH_PATHS = "@executable_path/Frameworks";
				"LD_RUNPATH_SEARCH_PATHS[sdk=macosx*]" = "@executable_path/../Frameworks";
				MACOSX_DEPLOYMENT_TARGET = 14.2;
				MARKETING_VERSION = 1.0;
				PRODUCT_BUNDLE_IDENTIFIER = com.shauli.HappyBirthdayNanit;
				PRODUCT_NAME = "$(TARGET_NAME)";
				SDKROOT = auto;
				SUPPORTED_PLATFORMS = "iphoneos iphonesimulator macosx";
				SWIFT_EMIT_LOC_STRINGS = YES;
				SWIFT_VERSION = 5.0;
				TARGETED_DEVICE_FAMILY = "1,2";
			};
			name = Release;
		};
		5A9B0C692B7E1205005C4464 /* Debug */ = {
			isa = XCBuildConfiguration;
			buildSettings = {
				ALWAYS_EMBED_SWIFT_STANDARD_LIBRARIES = YES;
				BUNDLE_LOADER = "$(TEST_HOST)";
				CODE_SIGN_STYLE = Automatic;
				CURRENT_PROJECT_VERSION = 1;
				GENERATE_INFOPLIST_FILE = YES;
				IPHONEOS_DEPLOYMENT_TARGET = 17.2;
				MACOSX_DEPLOYMENT_TARGET = 14.2;
				MARKETING_VERSION = 1.0;
				PRODUCT_BUNDLE_IDENTIFIER = com.shauli.HappyBirthdayNanitTests;
				PRODUCT_NAME = "$(TARGET_NAME)";
				SDKROOT = auto;
				SUPPORTED_PLATFORMS = "iphoneos iphonesimulator macosx";
				SWIFT_EMIT_LOC_STRINGS = NO;
				SWIFT_VERSION = 5.0;
				TARGETED_DEVICE_FAMILY = "1,2";
				TEST_HOST = "$(BUILT_PRODUCTS_DIR)/HappyBirthdayNanit.app/$(BUNDLE_EXECUTABLE_FOLDER_PATH)/HappyBirthdayNanit";
			};
			name = Debug;
		};
		5A9B0C6A2B7E1205005C4464 /* Release */ = {
			isa = XCBuildConfiguration;
			buildSettings = {
				ALWAYS_EMBED_SWIFT_STANDARD_LIBRARIES = YES;
				BUNDLE_LOADER = "$(TEST_HOST)";
				CODE_SIGN_STYLE = Automatic;
				CURRENT_PROJECT_VERSION = 1;
				GENERATE_INFOPLIST_FILE = YES;
				IPHONEOS_DEPLOYMENT_TARGET = 17.2;
				MACOSX_DEPLOYMENT_TARGET = 14.2;
				MARKETING_VERSION = 1.0;
				PRODUCT_BUNDLE_IDENTIFIER = com.shauli.HappyBirthdayNanitTests;
				PRODUCT_NAME = "$(TARGET_NAME)";
				SDKROOT = auto;
				SUPPORTED_PLATFORMS = "iphoneos iphonesimulator macosx";
				SWIFT_EMIT_LOC_STRINGS = NO;
				SWIFT_VERSION = 5.0;
				TARGETED_DEVICE_FAMILY = "1,2";
				TEST_HOST = "$(BUILT_PRODUCTS_DIR)/HappyBirthdayNanit.app/$(BUNDLE_EXECUTABLE_FOLDER_PATH)/HappyBirthdayNanit";
			};
			name = Release;
		};
		5A9B0C6C2B7E1205005C4464 /* Debug */ = {
			isa = XCBuildConfiguration;
			buildSettings = {
				ALWAYS_EMBED_SWIFT_STANDARD_LIBRARIES = YES;
				CODE_SIGN_STYLE = Automatic;
				CURRENT_PROJECT_VERSION = 1;
				GENERATE_INFOPLIST_FILE = YES;
				IPHONEOS_DEPLOYMENT_TARGET = 17.2;
				MACOSX_DEPLOYMENT_TARGET = 14.2;
				MARKETING_VERSION = 1.0;
				PRODUCT_BUNDLE_IDENTIFIER = com.shauli.HappyBirthdayNanitUITests;
				PRODUCT_NAME = "$(TARGET_NAME)";
				SDKROOT = auto;
				SUPPORTED_PLATFORMS = "iphoneos iphonesimulator macosx";
				SWIFT_EMIT_LOC_STRINGS = NO;
				SWIFT_VERSION = 5.0;
				TARGETED_DEVICE_FAMILY = "1,2";
				TEST_TARGET_NAME = HappyBirthdayNanit;
			};
			name = Debug;
		};
		5A9B0C6D2B7E1205005C4464 /* Release */ = {
			isa = XCBuildConfiguration;
			buildSettings = {
				ALWAYS_EMBED_SWIFT_STANDARD_LIBRARIES = YES;
				CODE_SIGN_STYLE = Automatic;
				CURRENT_PROJECT_VERSION = 1;
				GENERATE_INFOPLIST_FILE = YES;
				IPHONEOS_DEPLOYMENT_TARGET = 17.2;
				MACOSX_DEPLOYMENT_TARGET = 14.2;
				MARKETING_VERSION = 1.0;
				PRODUCT_BUNDLE_IDENTIFIER = com.shauli.HappyBirthdayNanitUITests;
				PRODUCT_NAME = "$(TARGET_NAME)";
				SDKROOT = auto;
				SUPPORTED_PLATFORMS = "iphoneos iphonesimulator macosx";
				SWIFT_EMIT_LOC_STRINGS = NO;
				SWIFT_VERSION = 5.0;
				TARGETED_DEVICE_FAMILY = "1,2";
				TEST_TARGET_NAME = HappyBirthdayNanit;
			};
			name = Release;
		};
/* End XCBuildConfiguration section */

/* Begin XCConfigurationList section */
		5A9B0C3B2B7E1202005C4464 /* Build configuration list for PBXProject "HappyBirthdayNanit" */ = {
			isa = XCConfigurationList;
			buildConfigurations = (
				5A9B0C632B7E1205005C4464 /* Debug */,
				5A9B0C642B7E1205005C4464 /* Release */,
			);
			defaultConfigurationIsVisible = 0;
			defaultConfigurationName = Release;
		};
		5A9B0C652B7E1205005C4464 /* Build configuration list for PBXNativeTarget "HappyBirthdayNanit" */ = {
			isa = XCConfigurationList;
			buildConfigurations = (
				5A9B0C662B7E1205005C4464 /* Debug */,
				5A9B0C672B7E1205005C4464 /* Release */,
			);
			defaultConfigurationIsVisible = 0;
			defaultConfigurationName = Release;
		};
		5A9B0C682B7E1205005C4464 /* Build configuration list for PBXNativeTarget "HappyBirthdayNanitTests" */ = {
			isa = XCConfigurationList;
			buildConfigurations = (
				5A9B0C692B7E1205005C4464 /* Debug */,
				5A9B0C6A2B7E1205005C4464 /* Release */,
			);
			defaultConfigurationIsVisible = 0;
			defaultConfigurationName = Release;
		};
		5A9B0C6B2B7E1205005C4464 /* Build configuration list for PBXNativeTarget "HappyBirthdayNanitUITests" */ = {
			isa = XCConfigurationList;
			buildConfigurations = (
				5A9B0C6C2B7E1205005C4464 /* Debug */,
				5A9B0C6D2B7E1205005C4464 /* Release */,
			);
			defaultConfigurationIsVisible = 0;
			defaultConfigurationName = Release;
		};
/* End XCConfigurationList section */
	};
	rootObject = 5A9B0C382B7E1202005C4464 /* Project object */;
}
